// !$*UTF8*$!
{
	archiveVersion = 1;
	classes = {
	};
	objectVersion = 77;
	objects = {

/* Begin PBXBuildFile section */
		0C634C7BF9747ABC7B80E079 /* ExerlyCore in Frameworks */ = {isa = PBXBuildFile; productRef = 38641AD43F56C9ABB48EE67E /* ExerlyCore */; };
		194BD4905264646D3748BC8A /* ExerlyCore in Frameworks */ = {isa = PBXBuildFile; productRef = 1862A987A045475E313EB2B8 /* ExerlyCore */; };
		A5B6D9A82CEF78C0AB5A20DB /* ExerlyWidgets.appex in Embed Foundation Extensions */ = {isa = PBXBuildFile; fileRef = D02AB75CAFC2C69DFAA9A751 /* ExerlyWidgets.appex */; settings = {ATTRIBUTES = (RemoveHeadersOnCopy, ); }; };
/* End PBXBuildFile section */

/* Begin PBXContainerItemProxy section */
		3C76F7256376B9461EEC2DB4 /* PBXContainerItemProxy */ = {
			isa = PBXContainerItemProxy;
			containerPortal = E80786D715DA9517FC0DA85E /* Project object */;
			proxyType = 1;
			remoteGlobalIDString = 948FFB77E808CA3A2249C5BD;
			remoteInfo = ExerlyWidgets;
		};
		559ABD86C2A034B57FE90816 /* PBXContainerItemProxy */ = {
			isa = PBXContainerItemProxy;
			containerPortal = E80786D715DA9517FC0DA85E /* Project object */;
			proxyType = 1;
			remoteGlobalIDString = 478A8E71BFADC65BF6ED4E31;
			remoteInfo = Exerly;
		};
		E1255806A926CB7E7534CFE9 /* PBXContainerItemProxy */ = {
			isa = PBXContainerItemProxy;
			containerPortal = E80786D715DA9517FC0DA85E /* Project object */;
			proxyType = 1;
			remoteGlobalIDString = 478A8E71BFADC65BF6ED4E31;
			remoteInfo = Exerly;
		};
/* End PBXContainerItemProxy section */

/* Begin PBXCopyFilesBuildPhase section */
		87FC42A0C6CC4AF4BC6EBD0D /* Embed Foundation Extensions */ = {
			isa = PBXCopyFilesBuildPhase;
			buildActionMask = 2147483647;
			dstPath = "";
			dstSubfolderSpec = 13;
			files = (
				A5B6D9A82CEF78C0AB5A20DB /* ExerlyWidgets.appex in Embed Foundation Extensions */,
			);
			name = "Embed Foundation Extensions";
			runOnlyForDeploymentPostprocessing = 0;
		};
/* End PBXCopyFilesBuildPhase section */

/* Begin PBXFileReference section */
		3C7EB6F4B66E5B291E95E8A0 /* ExerlyCore */ = {isa = PBXFileReference; lastKnownFileType = folder; name = ExerlyCore; path = ExerlyCore; sourceTree = SOURCE_ROOT; };
		8FEBF97C08176A3AD93AD216 /* Exerly.app */ = {isa = PBXFileReference; includeInIndex = 0; lastKnownFileType = wrapper.application; path = Exerly.app; sourceTree = BUILT_PRODUCTS_DIR; };
		C7931CCD189FA16E70E78133 /* ExerlyTests.xctest */ = {isa = PBXFileReference; includeInIndex = 0; lastKnownFileType = wrapper.cfbundle; path = ExerlyTests.xctest; sourceTree = BUILT_PRODUCTS_DIR; };
		D02AB75CAFC2C69DFAA9A751 /* ExerlyWidgets.appex */ = {isa = PBXFileReference; includeInIndex = 0; lastKnownFileType = "wrapper.app-extension"; path = ExerlyWidgets.appex; sourceTree = BUILT_PRODUCTS_DIR; };
		E13A2EF975046567F2E7A55A /* ExerlyUITests.xctest */ = {isa = PBXFileReference; includeInIndex = 0; lastKnownFileType = wrapper.cfbundle; path = ExerlyUITests.xctest; sourceTree = BUILT_PRODUCTS_DIR; };
/* End PBXFileReference section */

/* Begin PBXFileSystemSynchronizedBuildFileExceptionSet section */
		231A375A71C221241F35D857 /* PBXFileSystemSynchronizedBuildFileExceptionSet */ = {
			isa = PBXFileSystemSynchronizedBuildFileExceptionSet;
			membershipExceptions = (
				Info.plist,
			);
			target = 948FFB77E808CA3A2249C5BD /* ExerlyWidgets */;
		};
		483BCCC681EB4AA88AA52384 /* PBXFileSystemSynchronizedBuildFileExceptionSet */ = {
			isa = PBXFileSystemSynchronizedBuildFileExceptionSet;
			membershipExceptions = (
				Info.plist,
			);
			target = 478A8E71BFADC65BF6ED4E31 /* Exerly */;
		};
/* End PBXFileSystemSynchronizedBuildFileExceptionSet section */

/* Begin PBXFileSystemSynchronizedRootGroup section */
		0A6A09FA30A36DC3334DAE02 /* ExerlyUITests */ = {
			isa = PBXFileSystemSynchronizedRootGroup;
			explicitFileTypes = {
			};
			explicitFolders = (
			);
			path = ExerlyUITests;
			sourceTree = "<group>";
		};
		1D310287175D288F55363353 /* Shared */ = {
			isa = PBXFileSystemSynchronizedRootGroup;
			explicitFileTypes = {
			};
			explicitFolders = (
			);
			path = Shared;
			sourceTree = "<group>";
		};
		1DCB9C1E8086026BD7337639 /* Exerly */ = {
			isa = PBXFileSystemSynchronizedRootGroup;
			exceptions = (
				483BCCC681EB4AA88AA52384 /* PBXFileSystemSynchronizedBuildFileExceptionSet */,
			);
			explicitFileTypes = {
			};
			explicitFolders = (
			);
			path = Exerly;
			sourceTree = "<group>";
		};
		679819554418BAB99555B264 /* ExerlyTests */ = {
			isa = PBXFileSystemSynchronizedRootGroup;
			explicitFileTypes = {
			};
			explicitFolders = (
			);
			path = ExerlyTests;
			sourceTree = "<group>";
		};
		7298F8BDCC6B88642534AA42 /* ExerlyWidgets */ = {
			isa = PBXFileSystemSynchronizedRootGroup;
			exceptions = (
				231A375A71C221241F35D857 /* PBXFileSystemSynchronizedBuildFileExceptionSet */,
			);
			explicitFileTypes = {
			};
			explicitFolders = (
			);
			path = ExerlyWidgets;
			sourceTree = "<group>";
		};
/* End PBXFileSystemSynchronizedRootGroup section */

/* Begin PBXFrameworksBuildPhase section */
		4A41909F4D4256FBD71703E2 /* Frameworks */ = {
			isa = PBXFrameworksBuildPhase;
			buildActionMask = 2147483647;
			files = (
				194BD4905264646D3748BC8A /* ExerlyCore in Frameworks */,
			);
			runOnlyForDeploymentPostprocessing = 0;
		};
		657A27E3F8BA0FF11AB15321 /* Frameworks */ = {
			isa = PBXFrameworksBuildPhase;
			buildActionMask = 2147483647;
			files = (
				0C634C7BF9747ABC7B80E079 /* ExerlyCore in Frameworks */,
			);
			runOnlyForDeploymentPostprocessing = 0;
		};
/* End PBXFrameworksBuildPhase section */

/* Begin PBXGroup section */
		037636F786DF2E40C177DA44 = {
			isa = PBXGroup;
			children = (
				1DCB9C1E8086026BD7337639 /* Exerly */,
				679819554418BAB99555B264 /* ExerlyTests */,
				0A6A09FA30A36DC3334DAE02 /* ExerlyUITests */,
				7298F8BDCC6B88642534AA42 /* ExerlyWidgets */,
				EC8A6C6A19AD3A7C469963A9 /* Packages */,
				1D310287175D288F55363353 /* Shared */,
				4883C599D3A85E726E44546C /* Products */,
			);
			sourceTree = "<group>";
		};
		4883C599D3A85E726E44546C /* Products */ = {
			isa = PBXGroup;
			children = (
				8FEBF97C08176A3AD93AD216 /* Exerly.app */,
				C7931CCD189FA16E70E78133 /* ExerlyTests.xctest */,
				E13A2EF975046567F2E7A55A /* ExerlyUITests.xctest */,
				D02AB75CAFC2C69DFAA9A751 /* ExerlyWidgets.appex */,
			);
			name = Products;
			sourceTree = "<group>";
		};
		EC8A6C6A19AD3A7C469963A9 /* Packages */ = {
			isa = PBXGroup;
			children = (
				3C7EB6F4B66E5B291E95E8A0 /* ExerlyCore */,
			);
			name = Packages;
			sourceTree = "<group>";
		};
/* End PBXGroup section */

/* Begin PBXNativeTarget section */
		478A8E71BFADC65BF6ED4E31 /* Exerly */ = {
			isa = PBXNativeTarget;
			buildConfigurationList = C2BEE2741D7A4052AC89D294 /* Build configuration list for PBXNativeTarget "Exerly" */;
			buildPhases = (
				BE14DD54E9213D814E4BE61C /* Sources */,
				5AE5BA768B0F9956D498ABBB /* Resources */,
				4A41909F4D4256FBD71703E2 /* Frameworks */,
				87FC42A0C6CC4AF4BC6EBD0D /* Embed Foundation Extensions */,
			);
			buildRules = (
			);
			dependencies = (
				E0148436632F8FB4517F823D /* PBXTargetDependency */,
			);
			fileSystemSynchronizedGroups = (
				1DCB9C1E8086026BD7337639 /* Exerly */,
				1D310287175D288F55363353 /* Shared */,
			);
			name = Exerly;
			packageProductDependencies = (
				1862A987A045475E313EB2B8 /* ExerlyCore */,
			);
			productName = Exerly;
			productReference = 8FEBF97C08176A3AD93AD216 /* Exerly.app */;
			productType = "com.apple.product-type.application";
		};
		604065583976B290FB138C97 /* ExerlyUITests */ = {
			isa = PBXNativeTarget;
			buildConfigurationList = F9075E085DB4AFDB5905EF79 /* Build configuration list for PBXNativeTarget "ExerlyUITests" */;
			buildPhases = (
				8324624FE67536652DC892BF /* Sources */,
				8C61DB7F47C8B16C62FDA33C /* Resources */,
			);
			buildRules = (
			);
			dependencies = (
				96824D6A272C47A5C55BEE8F /* PBXTargetDependency */,
			);
			fileSystemSynchronizedGroups = (
				0A6A09FA30A36DC3334DAE02 /* ExerlyUITests */,
			);
			name = ExerlyUITests;
			packageProductDependencies = (
			);
			productName = ExerlyUITests;
			productReference = E13A2EF975046567F2E7A55A /* ExerlyUITests.xctest */;
			productType = "com.apple.product-type.bundle.ui-testing";
		};
		948FFB77E808CA3A2249C5BD /* ExerlyWidgets */ = {
			isa = PBXNativeTarget;
			buildConfigurationList = 434C7530E7FBEE73BA168534 /* Build configuration list for PBXNativeTarget "ExerlyWidgets" */;
			buildPhases = (
				81071617CC108C3B15301EC2 /* Sources */,
				7A70777C4B585815A77907CF /* Resources */,
			);
			buildRules = (
			);
			dependencies = (
			);
			fileSystemSynchronizedGroups = (
				7298F8BDCC6B88642534AA42 /* ExerlyWidgets */,
				1D310287175D288F55363353 /* Shared */,
			);
			name = ExerlyWidgets;
			packageProductDependencies = (
			);
			productName = ExerlyWidgets;
			productReference = D02AB75CAFC2C69DFAA9A751 /* ExerlyWidgets.appex */;
			productType = "com.apple.product-type.app-extension";
		};
		EFC544885E763AB0CBD64BFD /* ExerlyTests */ = {
			isa = PBXNativeTarget;
			buildConfigurationList = 26FA58D1EB1B4453125713F4 /* Build configuration list for PBXNativeTarget "ExerlyTests" */;
			buildPhases = (
				2663F693401DB4EB04B46098 /* Sources */,
				056CE459106E3F58D7D3C6C8 /* Resources */,
				657A27E3F8BA0FF11AB15321 /* Frameworks */,
			);
			buildRules = (
			);
			dependencies = (
				B5C33A0E6BC64C17717DF112 /* PBXTargetDependency */,
			);
			fileSystemSynchronizedGroups = (
				679819554418BAB99555B264 /* ExerlyTests */,
			);
			name = ExerlyTests;
			packageProductDependencies = (
				38641AD43F56C9ABB48EE67E /* ExerlyCore */,
			);
			productName = ExerlyTests;
			productReference = C7931CCD189FA16E70E78133 /* ExerlyTests.xctest */;
			productType = "com.apple.product-type.bundle.unit-test";
		};
/* End PBXNativeTarget section */

/* Begin PBXProject section */
		E80786D715DA9517FC0DA85E /* Project object */ = {
			isa = PBXProject;
			attributes = {
				BuildIndependentTargetsInParallel = YES;
				LastUpgradeCheck = 2620;
				TargetAttributes = {
					478A8E71BFADC65BF6ED4E31 = {
						DevelopmentTeam = 9X79V37Q89;
						ProvisioningStyle = Automatic;
					};
					604065583976B290FB138C97 = {
						ProvisioningStyle = Automatic;
						TestTargetID = 478A8E71BFADC65BF6ED4E31;
					};
					948FFB77E808CA3A2249C5BD = {
						DevelopmentTeam = 9X79V37Q89;
						ProvisioningStyle = Automatic;
					};
					EFC544885E763AB0CBD64BFD = {
						ProvisioningStyle = Automatic;
					};
				};
			};
			buildConfigurationList = 0C4D09BE2FE47123698843E5 /* Build configuration list for PBXProject "Exerly" */;
			developmentRegion = en;
			hasScannedForEncodings = 0;
			knownRegions = (
				Base,
				en,
			);
			mainGroup = 037636F786DF2E40C177DA44;
			minimizedProjectReferenceProxies = 1;
			packageReferences = (
				68902D87CD73B3FFA01FFD75 /* XCLocalSwiftPackageReference "ExerlyCore" */,
			);
			preferredProjectObjectVersion = 77;
			productRefGroup = 4883C599D3A85E726E44546C /* Products */;
			projectDirPath = "";
			projectRoot = "";
			targets = (
				478A8E71BFADC65BF6ED4E31 /* Exerly */,
				948FFB77E808CA3A2249C5BD /* ExerlyWidgets */,
				EFC544885E763AB0CBD64BFD /* ExerlyTests */,
				604065583976B290FB138C97 /* ExerlyUITests */,
			);
		};
/* End PBXProject section */

/* Begin PBXResourcesBuildPhase section */
		056CE459106E3F58D7D3C6C8 /* Resources */ = {
			isa = PBXResourcesBuildPhase;
			buildActionMask = 2147483647;
			files = (
			);
			runOnlyForDeploymentPostprocessing = 0;
		};
		5AE5BA768B0F9956D498ABBB /* Resources */ = {
			isa = PBXResourcesBuildPhase;
			buildActionMask = 2147483647;
			files = (
			);
			runOnlyForDeploymentPostprocessing = 0;
		};
		7A70777C4B585815A77907CF /* Resources */ = {
			isa = PBXResourcesBuildPhase;
			buildActionMask = 2147483647;
			files = (
			);
			runOnlyForDeploymentPostprocessing = 0;
		};
		8C61DB7F47C8B16C62FDA33C /* Resources */ = {
			isa = PBXResourcesBuildPhase;
			buildActionMask = 2147483647;
			files = (
			);
			runOnlyForDeploymentPostprocessing = 0;
		};
/* End PBXResourcesBuildPhase section */

/* Begin PBXSourcesBuildPhase section */
		2663F693401DB4EB04B46098 /* Sources */ = {
			isa = PBXSourcesBuildPhase;
			buildActionMask = 2147483647;
			files = (
			);
			runOnlyForDeploymentPostprocessing = 0;
		};
		81071617CC108C3B15301EC2 /* Sources */ = {
			isa = PBXSourcesBuildPhase;
			buildActionMask = 2147483647;
			files = (
			);
			runOnlyForDeploymentPostprocessing = 0;
		};
		8324624FE67536652DC892BF /* Sources */ = {
			isa = PBXSourcesBuildPhase;
			buildActionMask = 2147483647;
			files = (
			);
			runOnlyForDeploymentPostprocessing = 0;
		};
		BE14DD54E9213D814E4BE61C /* Sources */ = {
			isa = PBXSourcesBuildPhase;
			buildActionMask = 2147483647;
			files = (
			);
			runOnlyForDeploymentPostprocessing = 0;
		};
/* End PBXSourcesBuildPhase section */

/* Begin PBXTargetDependency section */
		96824D6A272C47A5C55BEE8F /* PBXTargetDependency */ = {
			isa = PBXTargetDependency;
			target = 478A8E71BFADC65BF6ED4E31 /* Exerly */;
			targetProxy = E1255806A926CB7E7534CFE9 /* PBXContainerItemProxy */;
		};
		B5C33A0E6BC64C17717DF112 /* PBXTargetDependency */ = {
			isa = PBXTargetDependency;
			target = 478A8E71BFADC65BF6ED4E31 /* Exerly */;
			targetProxy = 559ABD86C2A034B57FE90816 /* PBXContainerItemProxy */;
		};
		E0148436632F8FB4517F823D /* PBXTargetDependency */ = {
			isa = PBXTargetDependency;
			target = 948FFB77E808CA3A2249C5BD /* ExerlyWidgets */;
			targetProxy = 3C76F7256376B9461EEC2DB4 /* PBXContainerItemProxy */;
		};
/* End PBXTargetDependency section */

/* Begin XCBuildConfiguration section */
		1125B71B4D029ECC8F970420 /* Release */ = {
			isa = XCBuildConfiguration;
			buildSettings = {
				CODE_SIGN_STYLE = Automatic;
				GENERATE_INFOPLIST_FILE = YES;
				PRODUCT_BUNDLE_IDENTIFIER = com.exerly.fitness.ExerlyUITests;
				PRODUCT_NAME = "$(TARGET_NAME)";
				SWIFT_VERSION = 5.0;
				TARGETED_DEVICE_FAMILY = "1,2";
				TEST_TARGET_NAME = Exerly;
			};
			name = Release;
		};
		1A46A9104135B541561487FD /* Debug */ = {
			isa = XCBuildConfiguration;
			buildSettings = {
				ALWAYS_SEARCH_USER_PATHS = NO;
				CLANG_ANALYZER_NONNULL = YES;
				CLANG_CXX_LANGUAGE_STANDARD = "gnu++20";
				CLANG_ENABLE_MODULES = YES;
				CLANG_ENABLE_OBJC_ARC = YES;
				COPY_PHASE_STRIP = NO;
				DEBUG_INFORMATION_FORMAT = dwarf;
				ENABLE_STRICT_OBJC_MSGSEND = YES;
				ENABLE_TESTABILITY = YES;
				GCC_C_LANGUAGE_STANDARD = gnu17;
				GCC_DYNAMIC_NO_PIC = NO;
				GCC_OPTIMIZATION_LEVEL = 0;
				GCC_WARN_ABOUT_RETURN_TYPE = YES_ERROR;
				GCC_WARN_UNINITIALIZED_AUTOS = YES_AGGRESSIVE;
				IPHONEOS_DEPLOYMENT_TARGET = 26.0;
				MTL_ENABLE_DEBUG_INFO = INCLUDE_SOURCE;
				ONLY_ACTIVE_ARCH = YES;
				SDKROOT = iphoneos;
				SWIFT_ACTIVE_COMPILATION_CONDITIONS = "DEBUG $(inherited)";
				SWIFT_OPTIMIZATION_LEVEL = "-Onone";
			};
			name = Debug;
		};
		2DB41EB8428ABB924D1F0B6E /* Release */ = {
			isa = XCBuildConfiguration;
			buildSettings = {
				BUNDLE_LOADER = "$(TEST_HOST)";
				CODE_SIGN_STYLE = Automatic;
				GENERATE_INFOPLIST_FILE = YES;
				PRODUCT_BUNDLE_IDENTIFIER = com.exerly.fitness.ExerlyTests;
				PRODUCT_NAME = "$(TARGET_NAME)";
				SWIFT_VERSION = 5.0;
				TARGETED_DEVICE_FAMILY = "1,2";
				TEST_HOST = "$(BUILT_PRODUCTS_DIR)/Exerly.app/$(BUNDLE_EXECUTABLE_FOLDER_PATH)/Exerly";
			};
			name = Release;
		};
		39EF3BE306A66162938C1675 /* Release */ = {
			isa = XCBuildConfiguration;
			buildSettings = {
				ALWAYS_SEARCH_USER_PATHS = NO;
				CLANG_ANALYZER_NONNULL = YES;
				CLANG_CXX_LANGUAGE_STANDARD = "gnu++20";
				CLANG_ENABLE_MODULES = YES;
				CLANG_ENABLE_OBJC_ARC = YES;
				COPY_PHASE_STRIP = NO;
				DEBUG_INFORMATION_FORMAT = "dwarf-with-dsym";
				ENABLE_NS_ASSERTIONS = NO;
				ENABLE_STRICT_OBJC_MSGSEND = YES;
				GCC_C_LANGUAGE_STANDARD = gnu17;
				GCC_WARN_ABOUT_RETURN_TYPE = YES_ERROR;
				GCC_WARN_UNINITIALIZED_AUTOS = YES_AGGRESSIVE;
				IPHONEOS_DEPLOYMENT_TARGET = 26.0;
				MTL_ENABLE_DEBUG_INFO = NO;
				SDKROOT = iphoneos;
				SWIFT_COMPILATION_MODE = wholemodule;
				VALIDATE_PRODUCT = YES;
			};
			name = Release;
		};
		5D7E60CA36B77ACF70817C51 /* Debug */ = {
			isa = XCBuildConfiguration;
			buildSettings = {
				BUNDLE_LOADER = "$(TEST_HOST)";
				CODE_SIGN_STYLE = Automatic;
				GENERATE_INFOPLIST_FILE = YES;
				PRODUCT_BUNDLE_IDENTIFIER = com.exerly.fitness.ExerlyTests;
				PRODUCT_NAME = "$(TARGET_NAME)";
				SWIFT_VERSION = 5.0;
				TARGETED_DEVICE_FAMILY = "1,2";
				TEST_HOST = "$(BUILT_PRODUCTS_DIR)/Exerly.app/$(BUNDLE_EXECUTABLE_FOLDER_PATH)/Exerly";
			};
			name = Debug;
		};
		5DB46B5B2D32DD954E6EF9D6 /* Debug */ = {
			isa = XCBuildConfiguration;
			buildSettings = {
				ASSETCATALOG_COMPILER_APPICON_NAME = AppIcon;
				ASSETCATALOG_COMPILER_GLOBAL_ACCENT_COLOR_NAME = AccentColor;
				CODE_SIGN_ENTITLEMENTS = Exerly/Exerly.entitlements;
				CODE_SIGN_STYLE = Automatic;
				CURRENT_PROJECT_VERSION = 1;
				DEVELOPMENT_TEAM = 9X79V37Q89;
				EXERLY_API_BASE_URL = "http://100.80.149.7:39110";
				EXERLY_BUILD_ENVIRONMENT = staging;
				GENERATE_INFOPLIST_FILE = NO;
				INFOPLIST_FILE = Exerly/Info.plist;
				INFOPLIST_KEY_CFBundleDisplayName = Exerly;
				INFOPLIST_KEY_UIApplicationSceneManifest_Generation = YES;
				INFOPLIST_KEY_UIApplicationSupportsIndirectInputEvents = YES;
				INFOPLIST_KEY_UILaunchScreen_Generation = YES;
				INFOPLIST_KEY_UISupportedInterfaceOrientations_iPad = "UIInterfaceOrientationPortrait UIInterfaceOrientationPortraitUpsideDown UIInterfaceOrientationLandscapeLeft UIInterfaceOrientationLandscapeRight";
				INFOPLIST_KEY_UISupportedInterfaceOrientations_iPhone = "UIInterfaceOrientationPortrait UIInterfaceOrientationLandscapeLeft UIInterfaceOrientationLandscapeRight";
				LD_RUNPATH_SEARCH_PATHS = "$(inherited) @executable_path/Frameworks";
				MARKETING_VERSION = 1.0;
				PRODUCT_BUNDLE_IDENTIFIER = com.exerly.fitness;
				PRODUCT_NAME = "$(TARGET_NAME)";
				SWIFT_EMIT_LOC_STRINGS = YES;
				SWIFT_VERSION = 5.0;
				TARGETED_DEVICE_FAMILY = "1,2";
			};
			name = Debug;
		};
		9FCA465306E3A0B6775BB24B /* Release */ = {
			isa = XCBuildConfiguration;
			buildSettings = {
				ASSETCATALOG_COMPILER_APPICON_NAME = AppIcon;
				ASSETCATALOG_COMPILER_GLOBAL_ACCENT_COLOR_NAME = AccentColor;
				CODE_SIGN_ENTITLEMENTS = Exerly/Exerly.entitlements;
				CODE_SIGN_STYLE = Automatic;
				CURRENT_PROJECT_VERSION = 1;
				DEVELOPMENT_TEAM = 9X79V37Q89;
				EXERLY_API_BASE_URL = "https://exerly-fitness-93dyl.ondigitalocean.app";
				EXERLY_BUILD_ENVIRONMENT = production;
				GENERATE_INFOPLIST_FILE = NO;
				INFOPLIST_FILE = Exerly/Info.plist;
				INFOPLIST_KEY_CFBundleDisplayName = Exerly;
				INFOPLIST_KEY_UIApplicationSceneManifest_Generation = YES;
				INFOPLIST_KEY_UIApplicationSupportsIndirectInputEvents = YES;
				INFOPLIST_KEY_UILaunchScreen_Generation = YES;
				INFOPLIST_KEY_UISupportedInterfaceOrientations_iPad = "UIInterfaceOrientationPortrait UIInterfaceOrientationPortraitUpsideDown UIInterfaceOrientationLandscapeLeft UIInterfaceOrientationLandscapeRight";
				INFOPLIST_KEY_UISupportedInterfaceOrientations_iPhone = "UIInterfaceOrientationPortrait UIInterfaceOrientationLandscapeLeft UIInterfaceOrientationLandscapeRight";
				LD_RUNPATH_SEARCH_PATHS = "$(inherited) @executable_path/Frameworks";
				MARKETING_VERSION = 1.0;
				PRODUCT_BUNDLE_IDENTIFIER = com.exerly.fitness;
				PRODUCT_NAME = "$(TARGET_NAME)";
				PROVISIONING_PROFILE_SPECIFIER = "$(EXERLY_PROVISIONING_PROFILE)";
				SWIFT_EMIT_LOC_STRINGS = YES;
				SWIFT_VERSION = 5.0;
				TARGETED_DEVICE_FAMILY = "1,2";
			};
			name = Release;
		};
		DFD8157D7A8F47DFCF50C879 /* Debug */ = {
			isa = XCBuildConfiguration;
			buildSettings = {
				CODE_SIGN_STYLE = Automatic;
				GENERATE_INFOPLIST_FILE = YES;
				PRODUCT_BUNDLE_IDENTIFIER = com.exerly.fitness.ExerlyUITests;
				PRODUCT_NAME = "$(TARGET_NAME)";
				SWIFT_VERSION = 5.0;
				TARGETED_DEVICE_FAMILY = "1,2";
				TEST_TARGET_NAME = Exerly;
			};
			name = Debug;
		};
		EAC4B379813388685367E0DA /* Release */ = {
			isa = XCBuildConfiguration;
			buildSettings = {
				ASSETCATALOG_COMPILER_GLOBAL_ACCENT_COLOR_NAME = AccentColor;
				CODE_SIGN_ENTITLEMENTS = ExerlyWidgets/ExerlyWidgets.entitlements;
				CODE_SIGN_STYLE = Automatic;
				CURRENT_PROJECT_VERSION = 1;
				DEVELOPMENT_TEAM = 9X79V37Q89;
				GENERATE_INFOPLIST_FILE = YES;
				INFOPLIST_FILE = ExerlyWidgets/Info.plist;
				INFOPLIST_KEY_CFBundleDisplayName = Exerly;
				LD_RUNPATH_SEARCH_PATHS = "$(inherited) @executable_path/Frameworks @executable_path/../../Frameworks";
				MARKETING_VERSION = 1.0;
				PRODUCT_BUNDLE_IDENTIFIER = com.exerly.fitness.widgets;
				PRODUCT_NAME = "$(TARGET_NAME)";
				PROVISIONING_PROFILE_SPECIFIER = "$(EXERLY_WIDGETS_PROVISIONING_PROFILE)";
				SKIP_INSTALL = YES;
				SWIFT_EMIT_LOC_STRINGS = YES;
				SWIFT_VERSION = 5.0;
				TARGETED_DEVICE_FAMILY = "1,2";
			};
			name = Release;
		};
		FFEC86321EBA3974B6DACE25 /* Debug */ = {
			isa = XCBuildConfiguration;
			buildSettings = {
				ASSETCATALOG_COMPILER_GLOBAL_ACCENT_COLOR_NAME = AccentColor;
				CODE_SIGN_ENTITLEMENTS = ExerlyWidgets/ExerlyWidgets.entitlements;
				CODE_SIGN_STYLE = Automatic;
				CURRENT_PROJECT_VERSION = 1;
				DEVELOPMENT_TEAM = 9X79V37Q89;
				GENERATE_INFOPLIST_FILE = YES;
				INFOPLIST_FILE = ExerlyWidgets/Info.plist;
				INFOPLIST_KEY_CFBundleDisplayName = Exerly;
				LD_RUNPATH_SEARCH_PATHS = "$(inherited) @executable_path/Frameworks @executable_path/../../Frameworks";
				MARKETING_VERSION = 1.0;
				PRODUCT_BUNDLE_IDENTIFIER = com.exerly.fitness.widgets;
				PRODUCT_NAME = "$(TARGET_NAME)";
				SKIP_INSTALL = YES;
				SWIFT_EMIT_LOC_STRINGS = YES;
				SWIFT_VERSION = 5.0;
				TARGETED_DEVICE_FAMILY = "1,2";
			};
			name = Debug;
		};
/* End XCBuildConfiguration section */

/* Begin XCConfigurationList section */
		0C4D09BE2FE47123698843E5 /* Build configuration list for PBXProject "Exerly" */ = {
			isa = XCConfigurationList;
			buildConfigurations = (
				1A46A9104135B541561487FD /* Debug */,
				39EF3BE306A66162938C1675 /* Release */,
			);
			defaultConfigurationIsVisible = 0;
			defaultConfigurationName = Debug;
		};
		26FA58D1EB1B4453125713F4 /* Build configuration list for PBXNativeTarget "ExerlyTests" */ = {
			isa = XCConfigurationList;
			buildConfigurations = (
				5D7E60CA36B77ACF70817C51 /* Debug */,
				2DB41EB8428ABB924D1F0B6E /* Release */,
			);
			defaultConfigurationIsVisible = 0;
			defaultConfigurationName = Debug;
		};
		434C7530E7FBEE73BA168534 /* Build configuration list for PBXNativeTarget "ExerlyWidgets" */ = {
			isa = XCConfigurationList;
			buildConfigurations = (
				FFEC86321EBA3974B6DACE25 /* Debug */,
				EAC4B379813388685367E0DA /* Release */,
			);
			defaultConfigurationIsVisible = 0;
			defaultConfigurationName = Debug;
		};
		C2BEE2741D7A4052AC89D294 /* Build configuration list for PBXNativeTarget "Exerly" */ = {
			isa = XCConfigurationList;
			buildConfigurations = (
				5DB46B5B2D32DD954E6EF9D6 /* Debug */,
				9FCA465306E3A0B6775BB24B /* Release */,
			);
			defaultConfigurationIsVisible = 0;
			defaultConfigurationName = Debug;
		};
		F9075E085DB4AFDB5905EF79 /* Build configuration list for PBXNativeTarget "ExerlyUITests" */ = {
			isa = XCConfigurationList;
			buildConfigurations = (
				DFD8157D7A8F47DFCF50C879 /* Debug */,
				1125B71B4D029ECC8F970420 /* Release */,
			);
			defaultConfigurationIsVisible = 0;
			defaultConfigurationName = Debug;
		};
/* End XCConfigurationList section */

/* Begin XCLocalSwiftPackageReference section */
		68902D87CD73B3FFA01FFD75 /* XCLocalSwiftPackageReference "ExerlyCore" */ = {
			isa = XCLocalSwiftPackageReference;
			relativePath = ExerlyCore;
		};
/* End XCLocalSwiftPackageReference section */

/* Begin XCSwiftPackageProductDependency section */
		1862A987A045475E313EB2B8 /* ExerlyCore */ = {
			isa = XCSwiftPackageProductDependency;
			productName = ExerlyCore;
		};
		38641AD43F56C9ABB48EE67E /* ExerlyCore */ = {
			isa = XCSwiftPackageProductDependency;
			productName = ExerlyCore;
		};
/* End XCSwiftPackageProductDependency section */
	};
	rootObject = E80786D715DA9517FC0DA85E /* Project object */;
}
